
Microsoft Visual Studio Solution File, Format Version 12.00
# Visual Studio Version 16
VisualStudioVersion = 16.0.30225.117
MinimumVisualStudioVersion = 10.0.40219.1
Project("{8BC9CEB8-8B4A-11D0-8D11-00A0C91BC942}") = "GalGui", "GalGui.vcxproj", "{5589E949-E347-4D45-AEDD-8219DDF3C07D}"
EndProject
Project("{8BC9CEB8-8B4A-11D0-8D11-00A0C91BC942}") = "example_win32_directx11", "..\imgui\examples\example_win32_directx11\example_win32_directx11.vcxproj", "{9F316E83-5AE5-4939-A723-305A94F48005}"
EndProject
Project("{8BC9CEB8-8B4A-11D0-8D11-00A0C91BC942}") = "C", "..\..\C++ project\C\C.vcxproj", "{33FBC8DE-C08E-4B56-864B-DB52E169CF34}"
EndProject
Global
	GlobalSection(SolutionConfigurationPlatforms) = preSolution
		Debug|x64 = Debug|x64
		Debug|x86 = Debug|x86
		Release|x64 = Release|x64
		Release|x86 = Release|x86
	EndGlobalSection
	GlobalSection(ProjectConfigurationPlatforms) = postSolution
		{5589E949-E347-4D45-AEDD-8219DDF3C07D}.Debug|x64.ActiveCfg = Debug|x64
		{5589E949-E347-4D45-AEDD-8219DDF3C07D}.Debug|x64.Build.0 = Debug|x64
		{5589E949-E347-4D45-AEDD-8219DDF3C07D}.Debug|x86.ActiveCfg = Debug|Win32
		{5589E949-E347-4D45-AEDD-8219DDF3C07D}.Debug|x86.Build.0 = Debug|Win32
		{5589E949-E347-4D45-AEDD-8219DDF3C07D}.Release|x64.ActiveCfg = Release|x64
		{5589E949-E347-4D45-AEDD-8219DDF3C07D}.Release|x64.Build.0 = Release|x64
		{5589E949-E347-4D45-AEDD-8219DDF3C07D}.Release|x86.ActiveCfg = Release|Win32
		{5589E949-E347-4D45-AEDD-8219DDF3C07D}.Release|x86.Build.0 = Release|Win32
		{9F316E83-5AE5-4939-A723-305A94F48005}.Debug|x64.ActiveCfg = Debug|x64
		{9F316E83-5AE5-4939-A723-305A94F48005}.Debug|x64.Build.0 = Debug|x64
		{9F316E83-5AE5-4939-A723-305A94F48005}.Debug|x86.ActiveCfg = Debug|Win32
		{9F316E83-5AE5-4939-A723-305A94F48005}.Debug|x86.Build.0 = Debug|Win32
		{9F316E83-5AE5-4939-A723-305A94F48005}.Release|x64.ActiveCfg = Release|x64
		{9F316E83-5AE5-4939-A723-305A94F48005}.Release|x64.Build.0 = Release|x64
		{9F316E83-5AE5-4939-A723-305A94F48005}.Release|x86.ActiveCfg = Release|Win32
		{9F316E83-5AE5-4939-A723-305A94F48005}.Release|x86.Build.0 = Release|Win32
		{33FBC8DE-C08E-4B56-864B-DB52E169CF34}.Debug|x64.ActiveCfg = Debug|x64
		{33FBC8DE-C08E-4B56-864B-DB52E169CF34}.Debug|x64.Build.0 = Debug|x64
		{33FBC8DE-C08E-4B56-864B-DB52E169CF34}.Debug|x86.ActiveCfg = Debug|Win32
		{33FBC8DE-C08E-4B56-864B-DB52E169CF34}.Debug|x86.Build.0 = Debug|Win32
		{33FBC8DE-C08E-4B56-864B-DB52E169CF34}.Release|x64.ActiveCfg = Release|x64
		{33FBC8DE-C08E-4B56-864B-DB52E169CF34}.Release|x64.Build.0 = Release|x64
		{33FBC8DE-C08E-4B56-864B-DB52E169CF34}.Release|x86.ActiveCfg = Release|Win32
		{33FBC8DE-C08E-4B56-864B-DB52E169CF34}.Release|x86.Build.0 = Release|Win32
	EndGlobalSection
	GlobalSection(SolutionProperties) = preSolution
		HideSolutionNode = FALSE
	EndGlobalSection
	GlobalSection(ExtensibilityGlobals) = postSolution
		SolutionGuid = {D56CD235-E841-42BE-A54C-557F921B94EA}
	EndGlobalSection
EndGlobal
